// !$*UTF8*$!
{
	archiveVersion = 1;
	classes = {
	};
	objectVersion = 46;
	objects = {

/* Begin PBXBuildFile section */
		68AD3401412D9D4FFC76CF15 /* AppsListViewController.m in Sources */ = {isa = PBXBuildFile; fileRef = 68AD3505F4EF2FA94C65F48D /* AppsListViewController.m */; };
		AACA83E518DB646800F27F07 /* Foundation.framework in Frameworks */ = {isa = PBXBuildFile; fileRef = AACA83E418DB646800F27F07 /* Foundation.framework */; };
		AACA83E718DB646800F27F07 /* CoreGraphics.framework in Frameworks */ = {isa = PBXBuildFile; fileRef = AACA83E618DB646800F27F07 /* CoreGraphics.framework */; };
		AACA83E918DB646800F27F07 /* UIKit.framework in Frameworks */ = {isa = PBXBuildFile; fileRef = AACA83E818DB646800F27F07 /* UIKit.framework */; };
		AACA83EF18DB646800F27F07 /* InfoPlist.strings in Resources */ = {isa = PBXBuildFile; fileRef = AACA83ED18DB646800F27F07 /* InfoPlist.strings */; };
		AACA83F118DB646800F27F07 /* main.m in Sources */ = {isa = PBXBuildFile; fileRef = AACA83F018DB646800F27F07 /* main.m */; };
		AACA83F518DB646800F27F07 /* AppDelegate.m in Sources */ = {isa = PBXBuildFile; fileRef = AACA83F418DB646800F27F07 /* AppDelegate.m */; };
		AACA83F818DB646800F27F07 /* Main.storyboard in Resources */ = {isa = PBXBuildFile; fileRef = AACA83F618DB646800F27F07 /* Main.storyboard */; };
		AACA83FD18DB646800F27F07 /* Images.xcassets in Resources */ = {isa = PBXBuildFile; fileRef = AACA83FC18DB646800F27F07 /* Images.xcassets */; };
		AACA840418DB646800F27F07 /* XCTest.framework in Frameworks */ = {isa = PBXBuildFile; fileRef = AACA840318DB646800F27F07 /* XCTest.framework */; };
		AACA840518DB646800F27F07 /* Foundation.framework in Frameworks */ = {isa = PBXBuildFile; fileRef = AACA83E418DB646800F27F07 /* Foundation.framework */; };
		AACA840618DB646800F27F07 /* UIKit.framework in Frameworks */ = {isa = PBXBuildFile; fileRef = AACA83E818DB646800F27F07 /* UIKit.framework */; };
		AACA840E18DB646800F27F07 /* InfoPlist.strings in Resources */ = {isa = PBXBuildFile; fileRef = AACA840C18DB646800F27F07 /* InfoPlist.strings */; };
		AACA841018DB646800F27F07 /* TopPaidAppsTests.m in Sources */ = {isa = PBXBuildFile; fileRef = AACA840F18DB646800F27F07 /* TopPaidAppsTests.m */; };
/* End PBXBuildFile section */

/* Begin PBXContainerItemProxy section */
		AACA840718DB646800F27F07 /* PBXContainerItemProxy */ = {
			isa = PBXContainerItemProxy;
			containerPortal = AACA83D918DB646800F27F07 /* Project object */;
			proxyType = 1;
			remoteGlobalIDString = AACA83E018DB646800F27F07;
			remoteInfo = TopPaidApps;
		};
/* End PBXContainerItemProxy section */

/* Begin PBXFileReference section */
		68AD316586466E73E7B63EF9 /* AppsListViewController.h */ = {isa = PBXFileReference; fileEncoding = 4; lastKnownFileType = sourcecode.c.h; path = AppsListViewController.h; sourceTree = "<group>"; };
		68AD3505F4EF2FA94C65F48D /* AppsListViewController.m */ = {isa = PBXFileReference; fileEncoding = 4; lastKnownFileType = sourcecode.c.objc; path = AppsListViewController.m; sourceTree = "<group>"; };
		AACA83E118DB646800F27F07 /* TopPaidApps.app */ = {isa = PBXFileReference; explicitFileType = wrapper.application; includeInIndex = 0; path = TopPaidApps.app; sourceTree = BUILT_PRODUCTS_DIR; };
		AACA83E418DB646800F27F07 /* Foundation.framework */ = {isa = PBXFileReference; lastKnownFileType = wrapper.framework; name = Foundation.framework; path = System/Library/Frameworks/Foundation.framework; sourceTree = SDKROOT; };
		AACA83E618DB646800F27F07 /* CoreGraphics.framework */ = {isa = PBXFileReference; lastKnownFileType = wrapper.framework; name = CoreGraphics.framework; path = System/Library/Frameworks/CoreGraphics.framework; sourceTree = SDKROOT; };
		AACA83E818DB646800F27F07 /* UIKit.framework */ = {isa = PBXFileReference; lastKnownFileType = wrapper.framework; name = UIKit.framework; path = System/Library/Frameworks/UIKit.framework; sourceTree = SDKROOT; };
		AACA83EC18DB646800F27F07 /* TopPaidApps-Info.plist */ = {isa = PBXFileReference; lastKnownFileType = text.plist.xml; path = "TopPaidApps-Info.plist"; sourceTree = "<group>"; };
		AACA83EE18DB646800F27F07 /* en */ = {isa = PBXFileReference; lastKnownFileType = text.plist.strings; name = en; path = en.lproj/InfoPlist.strings; sourceTree = "<group>"; };
		AACA83F018DB646800F27F07 /* main.m */ = {isa = PBXFileReference; lastKnownFileType = sourcecode.c.objc; path = main.m; sourceTree = "<group>"; };
		AACA83F218DB646800F27F07 /* TopPaidApps-Prefix.pch */ = {isa = PBXFileReference; lastKnownFileType = sourcecode.c.h; path = "TopPaidApps-Prefix.pch"; sourceTree = "<group>"; };
		AACA83F318DB646800F27F07 /* AppDelegate.h */ = {isa = PBXFileReference; lastKnownFileType = sourcecode.c.h; path = AppDelegate.h; sourceTree = "<group>"; };
		AACA83F418DB646800F27F07 /* AppDelegate.m */ = {isa = PBXFileReference; lastKnownFileType = sourcecode.c.objc; path = AppDelegate.m; sourceTree = "<group>"; };
		AACA83F718DB646800F27F07 /* Base */ = {isa = PBXFileReference; lastKnownFileType = file.storyboard; name = Base; path = Base.lproj/Main.storyboard; sourceTree = "<group>"; };
		AACA83FC18DB646800F27F07 /* Images.xcassets */ = {isa = PBXFileReference; lastKnownFileType = folder.assetcatalog; path = Images.xcassets; sourceTree = "<group>"; };
		AACA840218DB646800F27F07 /* TopPaidAppsTests.xctest */ = {isa = PBXFileReference; explicitFileType = wrapper.cfbundle; includeInIndex = 0; path = TopPaidAppsTests.xctest; sourceTree = BUILT_PRODUCTS_DIR; };
		AACA840318DB646800F27F07 /* XCTest.framework */ = {isa = PBXFileReference; lastKnownFileType = wrapper.framework; name = XCTest.framework; path = Library/Frameworks/XCTest.framework; sourceTree = DEVELOPER_DIR; };
		AACA840B18DB646800F27F07 /* TopPaidAppsTests-Info.plist */ = {isa = PBXFileReference; lastKnownFileType = text.plist.xml; path = "TopPaidAppsTests-Info.plist"; sourceTree = "<group>"; };
		AACA840D18DB646800F27F07 /* en */ = {isa = PBXFileReference; lastKnownFileType = text.plist.strings; name = en; path = en.lproj/InfoPlist.strings; sourceTree = "<group>"; };
		AACA840F18DB646800F27F07 /* TopPaidAppsTests.m */ = {isa = PBXFileReference; lastKnownFileType = sourcecode.c.objc; path = TopPaidAppsTests.m; sourceTree = "<group>"; };
/* End PBXFileReference section */

/* Begin PBXFrameworksBuildPhase section */
		AACA83DE18DB646800F27F07 /* Frameworks */ = {
			isa = PBXFrameworksBuildPhase;
			buildActionMask = 2147483647;
			files = (
				AACA83E718DB646800F27F07 /* CoreGraphics.framework in Frameworks */,
				AACA83E918DB646800F27F07 /* UIKit.framework in Frameworks */,
				AACA83E518DB646800F27F07 /* Foundation.framework in Frameworks */,
			);
			runOnlyForDeploymentPostprocessing = 0;
		};
		AACA83FF18DB646800F27F07 /* Frameworks */ = {
			isa = PBXFrameworksBuildPhase;
			buildActionMask = 2147483647;
			files = (
				AACA840418DB646800F27F07 /* XCTest.framework in Frameworks */,
				AACA840618DB646800F27F07 /* UIKit.framework in Frameworks */,
				AACA840518DB646800F27F07 /* Foundation.framework in Frameworks */,
			);
			runOnlyForDeploymentPostprocessing = 0;
		};
/* End PBXFrameworksBuildPhase section */

/* Begin PBXGroup section */
		68AD368A49018C047773816B /* controller */ = {
			isa = PBXGroup;
			children = (
				68AD3505F4EF2FA94C65F48D /* AppsListViewController.m */,
				68AD316586466E73E7B63EF9 /* AppsListViewController.h */,
			);
			path = controller;
			sourceTree = "<group>";
		};
		68AD379C6F017CB5F795DF23 /* appsList */ = {
			isa = PBXGroup;
			children = (
				68AD368A49018C047773816B /* controller */,
			);
			path = appsList;
			sourceTree = "<group>";
		};
		AACA83D818DB646800F27F07 = {
			isa = PBXGroup;
			children = (
				AACA83EA18DB646800F27F07 /* TopPaidApps */,
				AACA840918DB646800F27F07 /* TopPaidAppsTests */,
				AACA83E318DB646800F27F07 /* Frameworks */,
				AACA83E218DB646800F27F07 /* Products */,
			);
			sourceTree = "<group>";
		};
		AACA83E218DB646800F27F07 /* Products */ = {
			isa = PBXGroup;
			children = (
				AACA83E118DB646800F27F07 /* TopPaidApps.app */,
				AACA840218DB646800F27F07 /* TopPaidAppsTests.xctest */,
			);
			name = Products;
			sourceTree = "<group>";
		};
		AACA83E318DB646800F27F07 /* Frameworks */ = {
			isa = PBXGroup;
			children = (
				AACA83E418DB646800F27F07 /* Foundation.framework */,
				AACA83E618DB646800F27F07 /* CoreGraphics.framework */,
				AACA83E818DB646800F27F07 /* UIKit.framework */,
				AACA840318DB646800F27F07 /* XCTest.framework */,
			);
			name = Frameworks;
			sourceTree = "<group>";
		};
		AACA83EA18DB646800F27F07 /* TopPaidApps */ = {
			isa = PBXGroup;
			children = (
				AACA83F318DB646800F27F07 /* AppDelegate.h */,
				AACA83F418DB646800F27F07 /* AppDelegate.m */,
				AACA83F618DB646800F27F07 /* Main.storyboard */,
				AACA83FC18DB646800F27F07 /* Images.xcassets */,
				AACA83EB18DB646800F27F07 /* Supporting Files */,
				68AD379C6F017CB5F795DF23 /* appsList */,
			);
			path = TopPaidApps;
			sourceTree = "<group>";
		};
		AACA83EB18DB646800F27F07 /* Supporting Files */ = {
			isa = PBXGroup;
			children = (
				AACA83EC18DB646800F27F07 /* TopPaidApps-Info.plist */,
				AACA83ED18DB646800F27F07 /* InfoPlist.strings */,
				AACA83F018DB646800F27F07 /* main.m */,
				AACA83F218DB646800F27F07 /* TopPaidApps-Prefix.pch */,
			);
			name = "Supporting Files";
			sourceTree = "<group>";
		};
		AACA840918DB646800F27F07 /* TopPaidAppsTests */ = {
			isa = PBXGroup;
			children = (
				AACA840F18DB646800F27F07 /* TopPaidAppsTests.m */,
				AACA840A18DB646800F27F07 /* Supporting Files */,
			);
			path = TopPaidAppsTests;
			sourceTree = "<group>";
		};
		AACA840A18DB646800F27F07 /* Supporting Files */ = {
			isa = PBXGroup;
			children = (
				AACA840B18DB646800F27F07 /* TopPaidAppsTests-Info.plist */,
				AACA840C18DB646800F27F07 /* InfoPlist.strings */,
			);
			name = "Supporting Files";
			sourceTree = "<group>";
		};
/* End PBXGroup section */

/* Begin PBXNativeTarget section */
		AACA83E018DB646800F27F07 /* TopPaidApps */ = {
			isa = PBXNativeTarget;
			buildConfigurationList = AACA841318DB646800F27F07 /* Build configuration list for PBXNativeTarget "TopPaidApps" */;
			buildPhases = (
				AACA83DD18DB646800F27F07 /* Sources */,
				AACA83DE18DB646800F27F07 /* Frameworks */,
				AACA83DF18DB646800F27F07 /* Resources */,
			);
			buildRules = (
			);
			dependencies = (
			);
			name = TopPaidApps;
			productName = TopPaidApps;
			productReference = AACA83E118DB646800F27F07 /* TopPaidApps.app */;
			productType = "com.apple.product-type.application";
		};
		AACA840118DB646800F27F07 /* TopPaidAppsTests */ = {
			isa = PBXNativeTarget;
			buildConfigurationList = AACA841618DB646800F27F07 /* Build configuration list for PBXNativeTarget "TopPaidAppsTests" */;
			buildPhases = (
				AACA83FE18DB646800F27F07 /* Sources */,
				AACA83FF18DB646800F27F07 /* Frameworks */,
				AACA840018DB646800F27F07 /* Resources */,
			);
			buildRules = (
			);
			dependencies = (
				AACA840818DB646800F27F07 /* PBXTargetDependency */,
			);
			name = TopPaidAppsTests;
			productName = TopPaidAppsTests;
			productReference = AACA840218DB646800F27F07 /* TopPaidAppsTests.xctest */;
			productType = "com.apple.product-type.bundle.unit-test";
		};
/* End PBXNativeTarget section */

/* Begin PBXProject section */
		AACA83D918DB646800F27F07 /* Project object */ = {
			isa = PBXProject;
			attributes = {
				LastUpgradeCheck = 0510;
				ORGANIZATIONNAME = "Stefan Ogonek";
				TargetAttributes = {
					AACA840118DB646800F27F07 = {
						TestTargetID = AACA83E018DB646800F27F07;
					};
				};
			};
			buildConfigurationList = AACA83DC18DB646800F27F07 /* Build configuration list for PBXProject "TopPaidApps" */;
			compatibilityVersion = "Xcode 3.2";
			developmentRegion = English;
			hasScannedForEncodings = 0;
			knownRegions = (
				en,
				Base,
			);
			mainGroup = AACA83D818DB646800F27F07;
			productRefGroup = AACA83E218DB646800F27F07 /* Products */;
			projectDirPath = "";
			projectRoot = "";
			targets = (
				AACA83E018DB646800F27F07 /* TopPaidApps */,
				AACA840118DB646800F27F07 /* TopPaidAppsTests */,
			);
		};
/* End PBXProject section */

/* Begin PBXResourcesBuildPhase section */
		AACA83DF18DB646800F27F07 /* Resources */ = {
			isa = PBXResourcesBuildPhase;
			buildActionMask = 2147483647;
			files = (
				AACA83FD18DB646800F27F07 /* Images.xcassets in Resources */,
				AACA83EF18DB646800F27F07 /* InfoPlist.strings in Resources */,
				AACA83F818DB646800F27F07 /* Main.storyboard in Resources */,
			);
			runOnlyForDeploymentPostprocessing = 0;
		};
		AACA840018DB646800F27F07 /* Resources */ = {
			isa = PBXResourcesBuildPhase;
			buildActionMask = 2147483647;
			files = (
				AACA840E18DB646800F27F07 /* InfoPlist.strings in Resources */,
			);
			runOnlyForDeploymentPostprocessing = 0;
		};
/* End PBXResourcesBuildPhase section */

/* Begin PBXSourcesBuildPhase section */
		AACA83DD18DB646800F27F07 /* Sources */ = {
			isa = PBXSourcesBuildPhase;
			buildActionMask = 2147483647;
			files = (
				AACA83F518DB646800F27F07 /* AppDelegate.m in Sources */,
				AACA83F118DB646800F27F07 /* main.m in Sources */,
				68AD3401412D9D4FFC76CF15 /* AppsListViewController.m in Sources */,
			);
			runOnlyForDeploymentPostprocessing = 0;
		};
		AACA83FE18DB646800F27F07 /* Sources */ = {
			isa = PBXSourcesBuildPhase;
			buildActionMask = 2147483647;
			files = (
				AACA841018DB646800F27F07 /* TopPaidAppsTests.m in Sources */,
			);
			runOnlyForDeploymentPostprocessing = 0;
		};
/* End PBXSourcesBuildPhase section */

/* Begin PBXTargetDependency section */
		AACA840818DB646800F27F07 /* PBXTargetDependency */ = {
			isa = PBXTargetDependency;
			target = AACA83E018DB646800F27F07 /* TopPaidApps */;
			targetProxy = AACA840718DB646800F27F07 /* PBXContainerItemProxy */;
		};
/* End PBXTargetDependency section */

/* Begin PBXVariantGroup section */
		AACA83ED18DB646800F27F07 /* InfoPlist.strings */ = {
			isa = PBXVariantGroup;
			children = (
				AACA83EE18DB646800F27F07 /* en */,
			);
			name = InfoPlist.strings;
			sourceTree = "<group>";
		};
		AACA83F618DB646800F27F07 /* Main.storyboard */ = {
			isa = PBXVariantGroup;
			children = (
				AACA83F718DB646800F27F07 /* Base */,
			);
			name = Main.storyboard;
			sourceTree = "<group>";
		};
		AACA840C18DB646800F27F07 /* InfoPlist.strings */ = {
			isa = PBXVariantGroup;
			children = (
				AACA840D18DB646800F27F07 /* en */,
			);
			name = InfoPlist.strings;
			sourceTree = "<group>";
		};
/* End PBXVariantGroup section */

/* Begin XCBuildConfiguration section */
		AACA841118DB646800F27F07 /* Debug */ = {
			isa = XCBuildConfiguration;
			buildSettings = {
				ALWAYS_SEARCH_USER_PATHS = NO;
				CLANG_CXX_LANGUAGE_STANDARD = "gnu++0x";
				CLANG_CXX_LIBRARY = "libc++";
				CLANG_ENABLE_MODULES = YES;
				CLANG_ENABLE_OBJC_ARC = YES;
				CLANG_WARN_BOOL_CONVERSION = YES;
				CLANG_WARN_CONSTANT_CONVERSION = YES;
				CLANG_WARN_DIRECT_OBJC_ISA_USAGE = YES_ERROR;
				CLANG_WARN_EMPTY_BODY = YES;
				CLANG_WARN_ENUM_CONVERSION = YES;
				CLANG_WARN_INT_CONVERSION = YES;
				CLANG_WARN_OBJC_ROOT_CLASS = YES_ERROR;
				CLANG_WARN__DUPLICATE_METHOD_MATCH = YES;
				"CODE_SIGN_IDENTITY[sdk=iphoneos*]" = "iPhone Developer";
				COPY_PHASE_STRIP = NO;
				GCC_C_LANGUAGE_STANDARD = gnu99;
				GCC_DYNAMIC_NO_PIC = NO;
				GCC_OPTIMIZATION_LEVEL = 0;
				GCC_PREPROCESSOR_DEFINITIONS = (
					"DEBUG=1",
					"$(inherited)",
				);
				GCC_SYMBOLS_PRIVATE_EXTERN = NO;
				GCC_WARN_64_TO_32_BIT_CONVERSION = YES;
				GCC_WARN_ABOUT_RETURN_TYPE = YES_ERROR;
				GCC_WARN_UNDECLARED_SELECTOR = YES;
				GCC_WARN_UNINITIALIZED_AUTOS = YES_AGGRESSIVE;
				GCC_WARN_UNUSED_FUNCTION = YES;
				GCC_WARN_UNUSED_VARIABLE = YES;
				IPHONEOS_DEPLOYMENT_TARGET = 7.1;
				ONLY_ACTIVE_ARCH = YES;
				SDKROOT = iphoneos;
			};
			name = Debug;
		};
		AACA841218DB646800F27F07 /* Release */ = {
			isa = XCBuildConfiguration;
			buildSettings = {
				ALWAYS_SEARCH_USER_PATHS = NO;
				CLANG_CXX_LANGUAGE_STANDARD = "gnu++0x";
				CLANG_CXX_LIBRARY = "libc++";
				CLANG_ENABLE_MODULES = YES;
				CLANG_ENABLE_OBJC_ARC = YES;
				CLANG_WARN_BOOL_CONVERSION = YES;
				CLANG_WARN_CONSTANT_CONVERSION = YES;
				CLANG_WARN_DIRECT_OBJC_ISA_USAGE = YES_ERROR;
				CLANG_WARN_EMPTY_BODY = YES;
				CLANG_WARN_ENUM_CONVERSION = YES;
				CLANG_WARN_INT_CONVERSION = YES;
				CLANG_WARN_OBJC_ROOT_CLASS = YES_ERROR;
				CLANG_WARN__DUPLICATE_METHOD_MATCH = YES;
				"CODE_SIGN_IDENTITY[sdk=iphoneos*]" = "iPhone Developer";
				COPY_PHASE_STRIP = YES;
				ENABLE_NS_ASSERTIONS = NO;
				GCC_C_LANGUAGE_STANDARD = gnu99;
				GCC_WARN_64_TO_32_BIT_CONVERSION = YES;
				GCC_WARN_ABOUT_RETURN_TYPE = YES_ERROR;
				GCC_WARN_UNDECLARED_SELECTOR = YES;
				GCC_WARN_UNINITIALIZED_AUTOS = YES_AGGRESSIVE;
				GCC_WARN_UNUSED_FUNCTION = YES;
				GCC_WARN_UNUSED_VARIABLE = YES;
				IPHONEOS_DEPLOYMENT_TARGET = 7.1;
				SDKROOT = iphoneos;
				VALIDATE_PRODUCT = YES;
			};
			name = Release;
		};
		AACA841418DB646800F27F07 /* Debug */ = {
			isa = XCBuildConfiguration;
			buildSettings = {
				ASSETCATALOG_COMPILER_APPICON_NAME = AppIcon;
				ASSETCATALOG_COMPILER_LAUNCHIMAGE_NAME = LaunchImage;
				CLANG_ENABLE_OBJC_ARC = NO;
				GCC_PRECOMPILE_PREFIX_HEADER = YES;
				GCC_PREFIX_HEADER = "TopPaidApps/TopPaidApps-Prefix.pch";
				INFOPLIST_FILE = "TopPaidApps/TopPaidApps-Info.plist";
				PRODUCT_NAME = "$(TARGET_NAME)";
				WRAPPER_EXTENSION = app;
			};
			name = Debug;
		};
		AACA841518DB646800F27F07 /* Release */ = {
			isa = XCBuildConfiguration;
			buildSettings = {
				ASSETCATALOG_COMPILER_APPICON_NAME = AppIcon;
				ASSETCATALOG_COMPILER_LAUNCHIMAGE_NAME = LaunchImage;
				CLANG_ENABLE_OBJC_ARC = NO;
				GCC_PRECOMPILE_PREFIX_HEADER = YES;
				GCC_PREFIX_HEADER = "TopPaidApps/TopPaidApps-Prefix.pch";
				INFOPLIST_FILE = "TopPaidApps/TopPaidApps-Info.plist";
				PRODUCT_NAME = "$(TARGET_NAME)";
				WRAPPER_EXTENSION = app;
			};
			name = Release;
		};
		AACA841718DB646800F27F07 /* Debug */ = {
			isa = XCBuildConfiguration;
			buildSettings = {
				BUNDLE_LOADER = "$(BUILT_PRODUCTS_DIR)/TopPaidApps.app/TopPaidApps";
				FRAMEWORK_SEARCH_PATHS = (
					"$(SDKROOT)/Developer/Library/Frameworks",
					"$(inherited)",
					"$(DEVELOPER_FRAMEWORKS_DIR)",
				);
				GCC_PRECOMPILE_PREFIX_HEADER = YES;
				GCC_PREFIX_HEADER = "TopPaidApps/TopPaidApps-Prefix.pch";
				GCC_PREPROCESSOR_DEFINITIONS = (
					"DEBUG=1",
					"$(inherited)",
				);
				INFOPLIST_FILE = "TopPaidAppsTests/TopPaidAppsTests-Info.plist";
				PRODUCT_NAME = "$(TARGET_NAME)";
				TEST_HOST = "$(BUNDLE_LOADER)";
				WRAPPER_EXTENSION = xctest;
			};
			name = Debug;
		};
		AACA841818DB646800F27F07 /* Release */ = {
			isa = XCBuildConfiguration;
			buildSettings = {
				BUNDLE_LOADER = "$(BUILT_PRODUCTS_DIR)/TopPaidApps.app/TopPaidApps";
				FRAMEWORK_SEARCH_PATHS = (
					"$(SDKROOT)/Developer/Library/Frameworks",
					"$(inherited)",
					"$(DEVELOPER_FRAMEWORKS_DIR)",
				);
				GCC_PRECOMPILE_PREFIX_HEADER = YES;
				GCC_PREFIX_HEADER = "TopPaidApps/TopPaidApps-Prefix.pch";
				INFOPLIST_FILE = "TopPaidAppsTests/TopPaidAppsTests-Info.plist";
				PRODUCT_NAME = "$(TARGET_NAME)";
				TEST_HOST = "$(BUNDLE_LOADER)";
				WRAPPER_EXTENSION = xctest;
			};
			name = Release;
		};
/* End XCBuildConfiguration section */

/* Begin XCConfigurationList section */
		AACA83DC18DB646800F27F07 /* Build configuration list for PBXProject "TopPaidApps" */ = {
			isa = XCConfigurationList;
			buildConfigurations = (
				AACA841118DB646800F27F07 /* Debug */,
				AACA841218DB646800F27F07 /* Release */,
			);
			defaultConfigurationIsVisible = 0;
			defaultConfigurationName = Release;
		};
		AACA841318DB646800F27F07 /* Build configuration list for PBXNativeTarget "TopPaidApps" */ = {
			isa = XCConfigurationList;
			buildConfigurations = (
				AACA841418DB646800F27F07 /* Debug */,
				AACA841518DB646800F27F07 /* Release */,
			);
			defaultConfigurationIsVisible = 0;
		};
		AACA841618DB646800F27F07 /* Build configuration list for PBXNativeTarget "TopPaidAppsTests" */ = {
			isa = XCConfigurationList;
			buildConfigurations = (
				AACA841718DB646800F27F07 /* Debug */,
				AACA841818DB646800F27F07 /* Release */,
			);
			defaultConfigurationIsVisible = 0;
		};
/* End XCConfigurationList section */
	};
	rootObject = AACA83D918DB646800F27F07 /* Project object */;
}
